// !$*UTF8*$!
{
	archiveVersion = 1;
	classes = {
	};
	objectVersion = 56;
	objects = {

/* Begin PBXBuildFile section */
		31CBB57F295A55F800D3DCC3 /* AppInsightsArticleNews.cpp in Sources */ = {isa = PBXBuildFile; fileRef = 31CBB54F295A55F800D3DCC3 /* AppInsightsArticleNews.cpp */; };
		31CBB580295A55F800D3DCC3 /* SourceArticleNewsModels.swift in Sources */ = {isa = PBXBuildFile; fileRef = 31CBB551295A55F800D3DCC3 /* SourceArticleNewsModels.swift */; };
		31CBB581295A55F800D3DCC3 /* ArticleNewsModels.swift in Sources */ = {isa = PBXBuildFile; fileRef = 31CBB552295A55F800D3DCC3 /* ArticleNewsModels.swift */; };
		31CBB582295A55F800D3DCC3 /* SearchSourceRepository.swift in Sources */ = {isa = PBXBuildFile; fileRef = 31CBB554295A55F800D3DCC3 /* SearchSourceRepository.swift */; };
		31CBB583295A55F800D3DCC3 /* SearchArticleRepository.swift in Sources */ = {isa = PBXBuildFile; fileRef = 31CBB555295A55F800D3DCC3 /* SearchArticleRepository.swift */; };
		31CBB584295A55F800D3DCC3 /* ErrorApiFormation.swift in Sources */ = {isa = PBXBuildFile; fileRef = 31CBB557295A55F800D3DCC3 /* ErrorApiFormation.swift */; };
		31CBB585295A55F800D3DCC3 /* TSImageView.swift in Sources */ = {isa = PBXBuildFile; fileRef = 31CBB558295A55F800D3DCC3 /* TSImageView.swift */; };
		31CBB586295A55F800D3DCC3 /* NewsApi.swift in Sources */ = {isa = PBXBuildFile; fileRef = 31CBB559295A55F800D3DCC3 /* NewsApi.swift */; };
		31CBB587295A55F800D3DCC3 /* Source.swift in Sources */ = {isa = PBXBuildFile; fileRef = 31CBB55B295A55F800D3DCC3 /* Source.swift */; };
		31CBB588295A55F800D3DCC3 /* SourceParameter.swift in Sources */ = {isa = PBXBuildFile; fileRef = 31CBB55C295A55F800D3DCC3 /* SourceParameter.swift */; };
		31CBB589295A55F800D3DCC3 /* Categories.swift in Sources */ = {isa = PBXBuildFile; fileRef = 31CBB55D295A55F800D3DCC3 /* Categories.swift */; };
		31CBB58A295A55F800D3DCC3 /* ArticleParameter.swift in Sources */ = {isa = PBXBuildFile; fileRef = 31CBB55E295A55F800D3DCC3 /* ArticleParameter.swift */; };
		31CBB58B295A55F800D3DCC3 /* Articles.swift in Sources */ = {isa = PBXBuildFile; fileRef = 31CBB55F295A55F800D3DCC3 /* Articles.swift */; };
		31CBB58C295A55F800D3DCC3 /* article-news-Bridging-Header.h in Headers */ = {isa = PBXBuildFile; fileRef = 31CBB560295A55F800D3DCC3 /* article-news-Bridging-Header.h */; };
		31CBB58D295A55F800D3DCC3 /* DataCategories.swift in Sources */ = {isa = PBXBuildFile; fileRef = 31CBB562295A55F800D3DCC3 /* DataCategories.swift */; };
		31CBB58E295A55F800D3DCC3 /* UIViewControllerExtension.swift in Sources */ = {isa = PBXBuildFile; fileRef = 31CBB564295A55F800D3DCC3 /* UIViewControllerExtension.swift */; };
		31CBB58F295A55F800D3DCC3 /* StringExtension.swift in Sources */ = {isa = PBXBuildFile; fileRef = 31CBB565295A55F800D3DCC3 /* StringExtension.swift */; };
		31CBB590295A55F800D3DCC3 /* DateExtension.swift in Sources */ = {isa = PBXBuildFile; fileRef = 31CBB566295A55F800D3DCC3 /* DateExtension.swift */; };
		31CBB591295A55F800D3DCC3 /* Assets.xcassets in Resources */ = {isa = PBXBuildFile; fileRef = 31CBB568295A55F800D3DCC3 /* Assets.xcassets */; };
		31CBB592295A55F800D3DCC3 /* LaunchScreen.storyboard in Resources */ = {isa = PBXBuildFile; fileRef = 31CBB569295A55F800D3DCC3 /* LaunchScreen.storyboard */; };
		31CBB593295A55F800D3DCC3 /* AppDelegate.swift in Sources */ = {isa = PBXBuildFile; fileRef = 31CBB56B295A55F800D3DCC3 /* AppDelegate.swift */; };
		31CBB595295A55F800D3DCC3 /* SceneDelegate.swift in Sources */ = {isa = PBXBuildFile; fileRef = 31CBB56D295A55F800D3DCC3 /* SceneDelegate.swift */; };
		31CBB596295A55F800D3DCC3 /* AppInsightsArticleNewsWrapper.h in Headers */ = {isa = PBXBuildFile; fileRef = 31CBB56E295A55F800D3DCC3 /* AppInsightsArticleNewsWrapper.h */; };
		31CBB597295A55F800D3DCC3 /* AppInsightsArticleNews.hpp in Headers */ = {isa = PBXBuildFile; fileRef = 31CBB56F295A55F800D3DCC3 /* AppInsightsArticleNews.hpp */; };
		31CBB598295A55F800D3DCC3 /* AppInsightsArticleNewsWrapper.mm in Sources */ = {isa = PBXBuildFile; fileRef = 31CBB570295A55F800D3DCC3 /* AppInsightsArticleNewsWrapper.mm */; };
		31CBB599295A55F800D3DCC3 /* ViewController.swift in Sources */ = {isa = PBXBuildFile; fileRef = 31CBB572295A55F800D3DCC3 /* ViewController.swift */; };
		31CBB59A295A55F800D3DCC3 /* ArticleNewsViewController.swift in Sources */ = {isa = PBXBuildFile; fileRef = 31CBB573295A55F800D3DCC3 /* ArticleNewsViewController.swift */; };
		31CBB59B295A55F800D3DCC3 /* ArticleCollectionViewCell.swift in Sources */ = {isa = PBXBuildFile; fileRef = 31CBB575295A55F800D3DCC3 /* ArticleCollectionViewCell.swift */; };
		31CBB59C295A55F800D3DCC3 /* CategoryCollectionViewCell.swift in Sources */ = {isa = PBXBuildFile; fileRef = 31CBB576295A55F800D3DCC3 /* CategoryCollectionViewCell.swift */; };
		31CBB59D295A55F800D3DCC3 /* DailySourceItemLayout.swift in Sources */ = {isa = PBXBuildFile; fileRef = 31CBB577295A55F800D3DCC3 /* DailySourceItemLayout.swift */; };
		31CBB59E295A55F800D3DCC3 /* ArticleCollectionViewCell.xib in Resources */ = {isa = PBXBuildFile; fileRef = 31CBB578295A55F800D3DCC3 /* ArticleCollectionViewCell.xib */; };
		31CBB59F295A55F800D3DCC3 /* WebviewArtikelController.swift in Sources */ = {isa = PBXBuildFile; fileRef = 31CBB579295A55F800D3DCC3 /* WebviewArtikelController.swift */; };
		31CBB5A0295A55F800D3DCC3 /* SourceNewsViewController.swift in Sources */ = {isa = PBXBuildFile; fileRef = 31CBB57A295A55F800D3DCC3 /* SourceNewsViewController.swift */; };
		31CBB5A1295A55F800D3DCC3 /* Main.storyboard in Resources */ = {isa = PBXBuildFile; fileRef = 31CBB57C295A55F800D3DCC3 /* Main.storyboard */; };
		31CBB5A2295A55F800D3DCC3 /* api_services.swift in Sources */ = {isa = PBXBuildFile; fileRef = 31CBB57E295A55F800D3DCC3 /* api_services.swift */; };
		31EA277129596329000E1397 /* Kingfisher in Frameworks */ = {isa = PBXBuildFile; productRef = 31EA277029596329000E1397 /* Kingfisher */; };
		9BA1D851CCC01D9B7532B088 /* Pods_article_news.framework in Frameworks */ = {isa = PBXBuildFile; fileRef = F6F647FD8D3B039DAAF479FC /* Pods_article_news.framework */; };
/* End PBXBuildFile section */

/* Begin PBXFileReference section */
		312085FD29558D7B000377D7 /* article-news.app */ = {isa = PBXFileReference; explicitFileType = wrapper.application; includeInIndex = 0; path = "article-news.app"; sourceTree = BUILT_PRODUCTS_DIR; };
		31CBB54F295A55F800D3DCC3 /* AppInsightsArticleNews.cpp */ = {isa = PBXFileReference; fileEncoding = 4; lastKnownFileType = sourcecode.cpp.cpp; path = AppInsightsArticleNews.cpp; sourceTree = "<group>"; };
		31CBB551295A55F800D3DCC3 /* SourceArticleNewsModels.swift */ = {isa = PBXFileReference; fileEncoding = 4; lastKnownFileType = sourcecode.swift; path = SourceArticleNewsModels.swift; sourceTree = "<group>"; };
		31CBB552295A55F800D3DCC3 /* ArticleNewsModels.swift */ = {isa = PBXFileReference; fileEncoding = 4; lastKnownFileType = sourcecode.swift; path = ArticleNewsModels.swift; sourceTree = "<group>"; };
		31CBB554295A55F800D3DCC3 /* SearchSourceRepository.swift */ = {isa = PBXFileReference; fileEncoding = 4; lastKnownFileType = sourcecode.swift; path = SearchSourceRepository.swift; sourceTree = "<group>"; };
		31CBB555295A55F800D3DCC3 /* SearchArticleRepository.swift */ = {isa = PBXFileReference; fileEncoding = 4; lastKnownFileType = sourcecode.swift; path = SearchArticleRepository.swift; sourceTree = "<group>"; };
		31CBB557295A55F800D3DCC3 /* ErrorApiFormation.swift */ = {isa = PBXFileReference; fileEncoding = 4; lastKnownFileType = sourcecode.swift; path = ErrorApiFormation.swift; sourceTree = "<group>"; };
		31CBB558295A55F800D3DCC3 /* TSImageView.swift */ = {isa = PBXFileReference; fileEncoding = 4; lastKnownFileType = sourcecode.swift; path = TSImageView.swift; sourceTree = "<group>"; };
		31CBB559295A55F800D3DCC3 /* NewsApi.swift */ = {isa = PBXFileReference; fileEncoding = 4; lastKnownFileType = sourcecode.swift; path = NewsApi.swift; sourceTree = "<group>"; };
		31CBB55B295A55F800D3DCC3 /* Source.swift */ = {isa = PBXFileReference; fileEncoding = 4; lastKnownFileType = sourcecode.swift; path = Source.swift; sourceTree = "<group>"; };
		31CBB55C295A55F800D3DCC3 /* SourceParameter.swift */ = {isa = PBXFileReference; fileEncoding = 4; lastKnownFileType = sourcecode.swift; path = SourceParameter.swift; sourceTree = "<group>"; };
		31CBB55D295A55F800D3DCC3 /* Categories.swift */ = {isa = PBXFileReference; fileEncoding = 4; lastKnownFileType = sourcecode.swift; path = Categories.swift; sourceTree = "<group>"; };
		31CBB55E295A55F800D3DCC3 /* ArticleParameter.swift */ = {isa = PBXFileReference; fileEncoding = 4; lastKnownFileType = sourcecode.swift; path = ArticleParameter.swift; sourceTree = "<group>"; };
		31CBB55F295A55F800D3DCC3 /* Articles.swift */ = {isa = PBXFileReference; fileEncoding = 4; lastKnownFileType = sourcecode.swift; path = Articles.swift; sourceTree = "<group>"; };
		31CBB560295A55F800D3DCC3 /* article-news-Bridging-Header.h */ = {isa = PBXFileReference; fileEncoding = 4; lastKnownFileType = sourcecode.c.h; path = "article-news-Bridging-Header.h"; sourceTree = "<group>"; };
		31CBB562295A55F800D3DCC3 /* DataCategories.swift */ = {isa = PBXFileReference; fileEncoding = 4; lastKnownFileType = sourcecode.swift; path = DataCategories.swift; sourceTree = "<group>"; };
		31CBB564295A55F800D3DCC3 /* UIViewControllerExtension.swift */ = {isa = PBXFileReference; fileEncoding = 4; lastKnownFileType = sourcecode.swift; path = UIViewControllerExtension.swift; sourceTree = "<group>"; };
		31CBB565295A55F800D3DCC3 /* StringExtension.swift */ = {isa = PBXFileReference; fileEncoding = 4; lastKnownFileType = sourcecode.swift; path = StringExtension.swift; sourceTree = "<group>"; };
		31CBB566295A55F800D3DCC3 /* DateExtension.swift */ = {isa = PBXFileReference; fileEncoding = 4; lastKnownFileType = sourcecode.swift; path = DateExtension.swift; sourceTree = "<group>"; };
		31CBB568295A55F800D3DCC3 /* Assets.xcassets */ = {isa = PBXFileReference; lastKnownFileType = folder.assetcatalog; path = Assets.xcassets; sourceTree = "<group>"; };
		31CBB56A295A55F800D3DCC3 /* Base */ = {isa = PBXFileReference; lastKnownFileType = file.storyboard; name = Base; path = Base.lproj/LaunchScreen.storyboard; sourceTree = "<group>"; };
		31CBB56B295A55F800D3DCC3 /* AppDelegate.swift */ = {isa = PBXFileReference; fileEncoding = 4; lastKnownFileType = sourcecode.swift; path = AppDelegate.swift; sourceTree = "<group>"; };
		31CBB56C295A55F800D3DCC3 /* Info.plist */ = {isa = PBXFileReference; fileEncoding = 4; lastKnownFileType = text.plist.xml; path = Info.plist; sourceTree = "<group>"; };
		31CBB56D295A55F800D3DCC3 /* SceneDelegate.swift */ = {isa = PBXFileReference; fileEncoding = 4; lastKnownFileType = sourcecode.swift; path = SceneDelegate.swift; sourceTree = "<group>"; };
		31CBB56E295A55F800D3DCC3 /* AppInsightsArticleNewsWrapper.h */ = {isa = PBXFileReference; fileEncoding = 4; lastKnownFileType = sourcecode.c.h; path = AppInsightsArticleNewsWrapper.h; sourceTree = "<group>"; };
		31CBB56F295A55F800D3DCC3 /* AppInsightsArticleNews.hpp */ = {isa = PBXFileReference; fileEncoding = 4; lastKnownFileType = sourcecode.cpp.h; path = AppInsightsArticleNews.hpp; sourceTree = "<group>"; };
		31CBB570295A55F800D3DCC3 /* AppInsightsArticleNewsWrapper.mm */ = {isa = PBXFileReference; fileEncoding = 4; lastKnownFileType = sourcecode.cpp.objcpp; path = AppInsightsArticleNewsWrapper.mm; sourceTree = "<group>"; };
		31CBB572295A55F800D3DCC3 /* ViewController.swift */ = {isa = PBXFileReference; fileEncoding = 4; lastKnownFileType = sourcecode.swift; path = ViewController.swift; sourceTree = "<group>"; };
		31CBB573295A55F800D3DCC3 /* ArticleNewsViewController.swift */ = {isa = PBXFileReference; fileEncoding = 4; lastKnownFileType = sourcecode.swift; path = ArticleNewsViewController.swift; sourceTree = "<group>"; };
		31CBB575295A55F800D3DCC3 /* ArticleCollectionViewCell.swift */ = {isa = PBXFileReference; fileEncoding = 4; lastKnownFileType = sourcecode.swift; path = ArticleCollectionViewCell.swift; sourceTree = "<group>"; };
		31CBB576295A55F800D3DCC3 /* CategoryCollectionViewCell.swift */ = {isa = PBXFileReference; fileEncoding = 4; lastKnownFileType = sourcecode.swift; path = CategoryCollectionViewCell.swift; sourceTree = "<group>"; };
		31CBB577295A55F800D3DCC3 /* DailySourceItemLayout.swift */ = {isa = PBXFileReference; fileEncoding = 4; lastKnownFileType = sourcecode.swift; path = DailySourceItemLayout.swift; sourceTree = "<group>"; };
		31CBB578295A55F800D3DCC3 /* ArticleCollectionViewCell.xib */ = {isa = PBXFileReference; fileEncoding = 4; lastKnownFileType = file.xib; path = ArticleCollectionViewCell.xib; sourceTree = "<group>"; };
		31CBB579295A55F800D3DCC3 /* WebviewArtikelController.swift */ = {isa = PBXFileReference; fileEncoding = 4; lastKnownFileType = sourcecode.swift; path = WebviewArtikelController.swift; sourceTree = "<group>"; };
		31CBB57A295A55F800D3DCC3 /* SourceNewsViewController.swift */ = {isa = PBXFileReference; fileEncoding = 4; lastKnownFileType = sourcecode.swift; path = SourceNewsViewController.swift; sourceTree = "<group>"; };
		31CBB57C295A55F800D3DCC3 /* Main.storyboard */ = {isa = PBXFileReference; fileEncoding = 4; lastKnownFileType = file.storyboard; path = Main.storyboard; sourceTree = "<group>"; };
		31CBB57E295A55F800D3DCC3 /* api_services.swift */ = {isa = PBXFileReference; fileEncoding = 4; lastKnownFileType = sourcecode.swift; path = api_services.swift; sourceTree = "<group>"; };
		6A6B856D54B49AE0EDCC2E61 /* Pods-article-news.release.xcconfig */ = {isa = PBXFileReference; includeInIndex = 1; lastKnownFileType = text.xcconfig; name = "Pods-article-news.release.xcconfig"; path = "Target Support Files/Pods-article-news/Pods-article-news.release.xcconfig"; sourceTree = "<group>"; };
		DF3FD03EFD3BFD45F10E4DED /* Pods-article-news.debug.xcconfig */ = {isa = PBXFileReference; includeInIndex = 1; lastKnownFileType = text.xcconfig; name = "Pods-article-news.debug.xcconfig"; path = "Target Support Files/Pods-article-news/Pods-article-news.debug.xcconfig"; sourceTree = "<group>"; };
		F6F647FD8D3B039DAAF479FC /* Pods_article_news.framework */ = {isa = PBXFileReference; explicitFileType = wrapper.framework; includeInIndex = 0; path = Pods_article_news.framework; sourceTree = BUILT_PRODUCTS_DIR; };
/* End PBXFileReference section */

/* Begin PBXFrameworksBuildPhase section */
		312085FA29558D7B000377D7 /* Frameworks */ = {
			isa = PBXFrameworksBuildPhase;
			buildActionMask = 2147483647;
			files = (
				31EA277129596329000E1397 /* Kingfisher in Frameworks */,
				9BA1D851CCC01D9B7532B088 /* Pods_article_news.framework in Frameworks */,
			);
			runOnlyForDeploymentPostprocessing = 0;
		};
/* End PBXFrameworksBuildPhase section */

/* Begin PBXGroup section */
		312085F429558D7B000377D7 = {
			isa = PBXGroup;
			children = (
				31CBB54E295A55F800D3DCC3 /* article-news */,
				312085FE29558D7B000377D7 /* Products */,
				DF8EA06D4DE6DD0B997C3D18 /* Pods */,
				C415C7F0B056435FE5DF99F2 /* Frameworks */,
			);
			sourceTree = "<group>";
		};
		312085FE29558D7B000377D7 /* Products */ = {
			isa = PBXGroup;
			children = (
				312085FD29558D7B000377D7 /* article-news.app */,
			);
			name = Products;
			sourceTree = "<group>";
		};
		31CBB54E295A55F800D3DCC3 /* article-news */ = {
			isa = PBXGroup;
			children = (
				31CBB54F295A55F800D3DCC3 /* AppInsightsArticleNews.cpp */,
				31CBB550295A55F800D3DCC3 /* ViewModels */,
				31CBB553295A55F800D3DCC3 /* Repository */,
				31CBB556295A55F800D3DCC3 /* Utils */,
				31CBB55A295A55F800D3DCC3 /* Models */,
				31CBB560295A55F800D3DCC3 /* article-news-Bridging-Header.h */,
				31CBB561295A55F800D3DCC3 /* DataConstant */,
				31CBB563295A55F800D3DCC3 /* Extensions */,
				31CBB567295A55F800D3DCC3 /* System */,
				31CBB56E295A55F800D3DCC3 /* AppInsightsArticleNewsWrapper.h */,
				31CBB56F295A55F800D3DCC3 /* AppInsightsArticleNews.hpp */,
				31CBB570295A55F800D3DCC3 /* AppInsightsArticleNewsWrapper.mm */,
				31CBB571295A55F800D3DCC3 /* Views */,
				31CBB57D295A55F800D3DCC3 /* Services */,
			);
			path = "article-news";
			sourceTree = "<group>";
		};
		31CBB550295A55F800D3DCC3 /* ViewModels */ = {
			isa = PBXGroup;
			children = (
				31CBB551295A55F800D3DCC3 /* SourceArticleNewsModels.swift */,
				31CBB552295A55F800D3DCC3 /* ArticleNewsModels.swift */,
			);
			path = ViewModels;
			sourceTree = "<group>";
		};
		31CBB553295A55F800D3DCC3 /* Repository */ = {
			isa = PBXGroup;
			children = (
				31CBB554295A55F800D3DCC3 /* SearchSourceRepository.swift */,
				31CBB555295A55F800D3DCC3 /* SearchArticleRepository.swift */,
			);
			path = Repository;
			sourceTree = "<group>";
		};
		31CBB556295A55F800D3DCC3 /* Utils */ = {
			isa = PBXGroup;
			children = (
				31CBB557295A55F800D3DCC3 /* ErrorApiFormation.swift */,
				31CBB558295A55F800D3DCC3 /* TSImageView.swift */,
				31CBB559295A55F800D3DCC3 /* NewsApi.swift */,
			);
			path = Utils;
			sourceTree = "<group>";
		};
		31CBB55A295A55F800D3DCC3 /* Models */ = {
			isa = PBXGroup;
			children = (
				31CBB55B295A55F800D3DCC3 /* Source.swift */,
				31CBB55C295A55F800D3DCC3 /* SourceParameter.swift */,
				31CBB55D295A55F800D3DCC3 /* Categories.swift */,
				31CBB55E295A55F800D3DCC3 /* ArticleParameter.swift */,
				31CBB55F295A55F800D3DCC3 /* Articles.swift */,
			);
			path = Models;
			sourceTree = "<group>";
		};
		31CBB561295A55F800D3DCC3 /* DataConstant */ = {
			isa = PBXGroup;
			children = (
				31CBB562295A55F800D3DCC3 /* DataCategories.swift */,
			);
			path = DataConstant;
			sourceTree = "<group>";
		};
		31CBB563295A55F800D3DCC3 /* Extensions */ = {
			isa = PBXGroup;
			children = (
				31CBB564295A55F800D3DCC3 /* UIViewControllerExtension.swift */,
				31CBB565295A55F800D3DCC3 /* StringExtension.swift */,
				31CBB566295A55F800D3DCC3 /* DateExtension.swift */,
			);
			path = Extensions;
			sourceTree = "<group>";
		};
		31CBB567295A55F800D3DCC3 /* System */ = {
			isa = PBXGroup;
			children = (
				31CBB56C295A55F800D3DCC3 /* Info.plist */,
				31CBB568295A55F800D3DCC3 /* Assets.xcassets */,
				31CBB569295A55F800D3DCC3 /* LaunchScreen.storyboard */,
				31CBB56B295A55F800D3DCC3 /* AppDelegate.swift */,
				31CBB56D295A55F800D3DCC3 /* SceneDelegate.swift */,
			);
			path = System;
			sourceTree = "<group>";
		};
		31CBB571295A55F800D3DCC3 /* Views */ = {
			isa = PBXGroup;
			children = (
				31CBB572295A55F800D3DCC3 /* ViewController.swift */,
				31CBB573295A55F800D3DCC3 /* ArticleNewsViewController.swift */,
				31CBB574295A55F800D3DCC3 /* Cell */,
				31CBB579295A55F800D3DCC3 /* WebviewArtikelController.swift */,
				31CBB57A295A55F800D3DCC3 /* SourceNewsViewController.swift */,
				31CBB57B295A55F800D3DCC3 /* Scene */,
			);
			path = Views;
			sourceTree = "<group>";
		};
		31CBB574295A55F800D3DCC3 /* Cell */ = {
			isa = PBXGroup;
			children = (
				31CBB575295A55F800D3DCC3 /* ArticleCollectionViewCell.swift */,
				31CBB576295A55F800D3DCC3 /* CategoryCollectionViewCell.swift */,
				31CBB577295A55F800D3DCC3 /* DailySourceItemLayout.swift */,
				31CBB578295A55F800D3DCC3 /* ArticleCollectionViewCell.xib */,
			);
			path = Cell;
			sourceTree = "<group>";
		};
		31CBB57B295A55F800D3DCC3 /* Scene */ = {
			isa = PBXGroup;
			children = (
				31CBB57C295A55F800D3DCC3 /* Main.storyboard */,
			);
			path = Scene;
			sourceTree = "<group>";
		};
		31CBB57D295A55F800D3DCC3 /* Services */ = {
			isa = PBXGroup;
			children = (
				31CBB57E295A55F800D3DCC3 /* api_services.swift */,
			);
			path = Services;
			sourceTree = "<group>";
		};
		C415C7F0B056435FE5DF99F2 /* Frameworks */ = {
			isa = PBXGroup;
			children = (
				F6F647FD8D3B039DAAF479FC /* Pods_article_news.framework */,
			);
			name = Frameworks;
			sourceTree = "<group>";
		};
		DF8EA06D4DE6DD0B997C3D18 /* Pods */ = {
			isa = PBXGroup;
			children = (
				DF3FD03EFD3BFD45F10E4DED /* Pods-article-news.debug.xcconfig */,
				6A6B856D54B49AE0EDCC2E61 /* Pods-article-news.release.xcconfig */,
			);
			path = Pods;
			sourceTree = "<group>";
		};
/* End PBXGroup section */

/* Begin PBXHeadersBuildPhase section */
		3120861B29559728000377D7 /* Headers */ = {
			isa = PBXHeadersBuildPhase;
			buildActionMask = 2147483647;
			files = (
				31CBB597295A55F800D3DCC3 /* AppInsightsArticleNews.hpp in Headers */,
				31CBB58C295A55F800D3DCC3 /* article-news-Bridging-Header.h in Headers */,
				31CBB596295A55F800D3DCC3 /* AppInsightsArticleNewsWrapper.h in Headers */,
			);
			runOnlyForDeploymentPostprocessing = 0;
		};
/* End PBXHeadersBuildPhase section */

/* Begin PBXNativeTarget section */
		312085FC29558D7B000377D7 /* article-news */ = {
			isa = PBXNativeTarget;
			buildConfigurationList = 3120861129558D7C000377D7 /* Build configuration list for PBXNativeTarget "article-news" */;
			buildPhases = (
				BBC592253E2A1894DAE92318 /* [CP] Check Pods Manifest.lock */,
				3120861B29559728000377D7 /* Headers */,
				312085F929558D7B000377D7 /* Sources */,
				312085FA29558D7B000377D7 /* Frameworks */,
				312085FB29558D7B000377D7 /* Resources */,
				2DA6CF79C435FEBF5BBBB1B6 /* [CP] Embed Pods Frameworks */,
			);
			buildRules = (
			);
			dependencies = (
			);
			name = "article-news";
			packageProductDependencies = (
				31EA277029596329000E1397 /* Kingfisher */,
			);
			productName = "article-news";
			productReference = 312085FD29558D7B000377D7 /* article-news.app */;
			productType = "com.apple.product-type.application";
		};
/* End PBXNativeTarget section */

/* Begin PBXProject section */
		312085F529558D7B000377D7 /* Project object */ = {
			isa = PBXProject;
			attributes = {
				BuildIndependentTargetsInParallel = 1;
				LastSwiftUpdateCheck = 1420;
				LastUpgradeCheck = 1420;
				TargetAttributes = {
					312085FC29558D7B000377D7 = {
						CreatedOnToolsVersion = 14.2;
						LastSwiftMigration = 1420;
					};
				};
			};
			buildConfigurationList = 312085F829558D7B000377D7 /* Build configuration list for PBXProject "article-news" */;
			compatibilityVersion = "Xcode 14.0";
			developmentRegion = en;
			hasScannedForEncodings = 0;
			knownRegions = (
				en,
				Base,
			);
			mainGroup = 312085F429558D7B000377D7;
			packageReferences = (
				31EA276F29596329000E1397 /* XCRemoteSwiftPackageReference "Kingfisher" */,
			);
			productRefGroup = 312085FE29558D7B000377D7 /* Products */;
			projectDirPath = "";
			projectRoot = "";
			targets = (
				312085FC29558D7B000377D7 /* article-news */,
			);
		};
/* End PBXProject section */

/* Begin PBXResourcesBuildPhase section */
		312085FB29558D7B000377D7 /* Resources */ = {
			isa = PBXResourcesBuildPhase;
			buildActionMask = 2147483647;
			files = (
				31CBB591295A55F800D3DCC3 /* Assets.xcassets in Resources */,
				31CBB5A1295A55F800D3DCC3 /* Main.storyboard in Resources */,
				31CBB59E295A55F800D3DCC3 /* ArticleCollectionViewCell.xib in Resources */,
				31CBB592295A55F800D3DCC3 /* LaunchScreen.storyboard in Resources */,
			);
			runOnlyForDeploymentPostprocessing = 0;
		};
/* End PBXResourcesBuildPhase section */

/* Begin PBXShellScriptBuildPhase section */
		2DA6CF79C435FEBF5BBBB1B6 /* [CP] Embed Pods Frameworks */ = {
			isa = PBXShellScriptBuildPhase;
			buildActionMask = 2147483647;
			files = (
			);
			inputFileListPaths = (
				"${PODS_ROOT}/Target Support Files/Pods-article-news/Pods-article-news-frameworks-${CONFIGURATION}-input-files.xcfilelist",
			);
			name = "[CP] Embed Pods Frameworks";
			outputFileListPaths = (
				"${PODS_ROOT}/Target Support Files/Pods-article-news/Pods-article-news-frameworks-${CONFIGURATION}-output-files.xcfilelist",
			);
			runOnlyForDeploymentPostprocessing = 0;
			shellPath = /bin/sh;
			shellScript = "\"${PODS_ROOT}/Target Support Files/Pods-article-news/Pods-article-news-frameworks.sh\"\n";
			showEnvVarsInLog = 0;
		};
		BBC592253E2A1894DAE92318 /* [CP] Check Pods Manifest.lock */ = {
			isa = PBXShellScriptBuildPhase;
			buildActionMask = 2147483647;
			files = (
			);
			inputFileListPaths = (
			);
			inputPaths = (
				"${PODS_PODFILE_DIR_PATH}/Podfile.lock",
				"${PODS_ROOT}/Manifest.lock",
			);
			name = "[CP] Check Pods Manifest.lock";
			outputFileListPaths = (
			);
			outputPaths = (
				"$(DERIVED_FILE_DIR)/Pods-article-news-checkManifestLockResult.txt",
			);
			runOnlyForDeploymentPostprocessing = 0;
			shellPath = /bin/sh;
			shellScript = "diff \"${PODS_PODFILE_DIR_PATH}/Podfile.lock\" \"${PODS_ROOT}/Manifest.lock\" > /dev/null\nif [ $? != 0 ] ; then\n    # print error to STDERR\n    echo \"error: The sandbox is not in sync with the Podfile.lock. Run 'pod install' or update your CocoaPods installation.\" >&2\n    exit 1\nfi\n# This output is used by Xcode 'outputs' to avoid re-running this script phase.\necho \"SUCCESS\" > \"${SCRIPT_OUTPUT_FILE_0}\"\n";
			showEnvVarsInLog = 0;
		};
/* End PBXShellScriptBuildPhase section */

/* Begin PBXSourcesBuildPhase section */
		312085F929558D7B000377D7 /* Sources */ = {
			isa = PBXSourcesBuildPhase;
			buildActionMask = 2147483647;
			files = (
				31CBB59A295A55F800D3DCC3 /* ArticleNewsViewController.swift in Sources */,
				31CBB59D295A55F800D3DCC3 /* DailySourceItemLayout.swift in Sources */,
				31CBB5A2295A55F800D3DCC3 /* api_services.swift in Sources */,
				31CBB580295A55F800D3DCC3 /* SourceArticleNewsModels.swift in Sources */,
				31CBB590295A55F800D3DCC3 /* DateExtension.swift in Sources */,
				31CBB584295A55F800D3DCC3 /* ErrorApiFormation.swift in Sources */,
				31CBB58E295A55F800D3DCC3 /* UIViewControllerExtension.swift in Sources */,
				31CBB598295A55F800D3DCC3 /* AppInsightsArticleNewsWrapper.mm in Sources */,
				31CBB58B295A55F800D3DCC3 /* Articles.swift in Sources */,
				31CBB58F295A55F800D3DCC3 /* StringExtension.swift in Sources */,
				31CBB585295A55F800D3DCC3 /* TSImageView.swift in Sources */,
				31CBB59F295A55F800D3DCC3 /* WebviewArtikelController.swift in Sources */,
				31CBB57F295A55F800D3DCC3 /* AppInsightsArticleNews.cpp in Sources */,
				31CBB59B295A55F800D3DCC3 /* ArticleCollectionViewCell.swift in Sources */,
				31CBB583295A55F800D3DCC3 /* SearchArticleRepository.swift in Sources */,
				31CBB587295A55F800D3DCC3 /* Source.swift in Sources */,
				31CBB58D295A55F800D3DCC3 /* DataCategories.swift in Sources */,
				31CBB58A295A55F800D3DCC3 /* ArticleParameter.swift in Sources */,
				31CBB593295A55F800D3DCC3 /* AppDelegate.swift in Sources */,
				31CBB59C295A55F800D3DCC3 /* CategoryCollectionViewCell.swift in Sources */,
				31CBB589295A55F800D3DCC3 /* Categories.swift in Sources */,
				31CBB582295A55F800D3DCC3 /* SearchSourceRepository.swift in Sources */,
				31CBB581295A55F800D3DCC3 /* ArticleNewsModels.swift in Sources */,
				31CBB595295A55F800D3DCC3 /* SceneDelegate.swift in Sources */,
				31CBB5A0295A55F800D3DCC3 /* SourceNewsViewController.swift in Sources */,
				31CBB599295A55F800D3DCC3 /* ViewController.swift in Sources */,
				31CBB588295A55F800D3DCC3 /* SourceParameter.swift in Sources */,
				31CBB586295A55F800D3DCC3 /* NewsApi.swift in Sources */,
			);
			runOnlyForDeploymentPostprocessing = 0;
		};
/* End PBXSourcesBuildPhase section */

/* Begin PBXVariantGroup section */
		31CBB569295A55F800D3DCC3 /* LaunchScreen.storyboard */ = {
			isa = PBXVariantGroup;
			children = (
				31CBB56A295A55F800D3DCC3 /* Base */,
			);
			name = LaunchScreen.storyboard;
			sourceTree = "<group>";
		};
/* End PBXVariantGroup section */

/* Begin XCBuildConfiguration section */
		3120860F29558D7C000377D7 /* Debug */ = {
			isa = XCBuildConfiguration;
			buildSettings = {
				ALWAYS_SEARCH_USER_PATHS = NO;
				CLANG_ANALYZER_NONNULL = YES;
				CLANG_ANALYZER_NUMBER_OBJECT_CONVERSION = YES_AGGRESSIVE;
				CLANG_CXX_LANGUAGE_STANDARD = "gnu++20";
				CLANG_ENABLE_MODULES = YES;
				CLANG_ENABLE_OBJC_ARC = YES;
				CLANG_ENABLE_OBJC_WEAK = YES;
				CLANG_WARN_BLOCK_CAPTURE_AUTORELEASING = YES;
				CLANG_WARN_BOOL_CONVERSION = YES;
				CLANG_WARN_COMMA = YES;
				CLANG_WARN_CONSTANT_CONVERSION = YES;
				CLANG_WARN_DEPRECATED_OBJC_IMPLEMENTATIONS = YES;
				CLANG_WARN_DIRECT_OBJC_ISA_USAGE = YES_ERROR;
				CLANG_WARN_DOCUMENTATION_COMMENTS = YES;
				CLANG_WARN_EMPTY_BODY = YES;
				CLANG_WARN_ENUM_CONVERSION = YES;
				CLANG_WARN_INFINITE_RECURSION = YES;
				CLANG_WARN_INT_CONVERSION = YES;
				CLANG_WARN_NON_LITERAL_NULL_CONVERSION = YES;
				CLANG_WARN_OBJC_IMPLICIT_RETAIN_SELF = YES;
				CLANG_WARN_OBJC_LITERAL_CONVERSION = YES;
				CLANG_WARN_OBJC_ROOT_CLASS = YES_ERROR;
				CLANG_WARN_QUOTED_INCLUDE_IN_FRAMEWORK_HEADER = YES;
				CLANG_WARN_RANGE_LOOP_ANALYSIS = YES;
				CLANG_WARN_STRICT_PROTOTYPES = YES;
				CLANG_WARN_SUSPICIOUS_MOVE = YES;
				CLANG_WARN_UNGUARDED_AVAILABILITY = YES_AGGRESSIVE;
				CLANG_WARN_UNREACHABLE_CODE = YES;
				CLANG_WARN__DUPLICATE_METHOD_MATCH = YES;
				COPY_PHASE_STRIP = NO;
				DEBUG_INFORMATION_FORMAT = dwarf;
				ENABLE_STRICT_OBJC_MSGSEND = YES;
				ENABLE_TESTABILITY = YES;
				GCC_C_LANGUAGE_STANDARD = gnu11;
				GCC_DYNAMIC_NO_PIC = NO;
				GCC_NO_COMMON_BLOCKS = YES;
				GCC_OPTIMIZATION_LEVEL = 0;
				GCC_PREPROCESSOR_DEFINITIONS = (
					"DEBUG=1",
					"$(inherited)",
				);
				GCC_WARN_64_TO_32_BIT_CONVERSION = YES;
				GCC_WARN_ABOUT_RETURN_TYPE = YES_ERROR;
				GCC_WARN_UNDECLARED_SELECTOR = YES;
				GCC_WARN_UNINITIALIZED_AUTOS = YES_AGGRESSIVE;
				GCC_WARN_UNUSED_FUNCTION = YES;
				GCC_WARN_UNUSED_VARIABLE = YES;
				IPHONEOS_DEPLOYMENT_TARGET = 13.0;
				MTL_ENABLE_DEBUG_INFO = INCLUDE_SOURCE;
				MTL_FAST_MATH = YES;
				ONLY_ACTIVE_ARCH = YES;
				SDKROOT = iphoneos;
				SWIFT_ACTIVE_COMPILATION_CONDITIONS = DEBUG;
				SWIFT_OPTIMIZATION_LEVEL = "-Onone";
			};
			name = Debug;
		};
		3120861029558D7C000377D7 /* Release */ = {
			isa = XCBuildConfiguration;
			buildSettings = {
				ALWAYS_SEARCH_USER_PATHS = NO;
				CLANG_ANALYZER_NONNULL = YES;
				CLANG_ANALYZER_NUMBER_OBJECT_CONVERSION = YES_AGGRESSIVE;
				CLANG_CXX_LANGUAGE_STANDARD = "gnu++20";
				CLANG_ENABLE_MODULES = YES;
				CLANG_ENABLE_OBJC_ARC = YES;
				CLANG_ENABLE_OBJC_WEAK = YES;
				CLANG_WARN_BLOCK_CAPTURE_AUTORELEASING = YES;
				CLANG_WARN_BOOL_CONVERSION = YES;
				CLANG_WARN_COMMA = YES;
				CLANG_WARN_CONSTANT_CONVERSION = YES;
				CLANG_WARN_DEPRECATED_OBJC_IMPLEMENTATIONS = YES;
				CLANG_WARN_DIRECT_OBJC_ISA_USAGE = YES_ERROR;
				CLANG_WARN_DOCUMENTATION_COMMENTS = YES;
				CLANG_WARN_EMPTY_BODY = YES;
				CLANG_WARN_ENUM_CONVERSION = YES;
				CLANG_WARN_INFINITE_RECURSION = YES;
				CLANG_WARN_INT_CONVERSION = YES;
				CLANG_WARN_NON_LITERAL_NULL_CONVERSION = YES;
				CLANG_WARN_OBJC_IMPLICIT_RETAIN_SELF = YES;
				CLANG_WARN_OBJC_LITERAL_CONVERSION = YES;
				CLANG_WARN_OBJC_ROOT_CLASS = YES_ERROR;
				CLANG_WARN_QUOTED_INCLUDE_IN_FRAMEWORK_HEADER = YES;
				CLANG_WARN_RANGE_LOOP_ANALYSIS = YES;
				CLANG_WARN_STRICT_PROTOTYPES = YES;
				CLANG_WARN_SUSPICIOUS_MOVE = YES;
				CLANG_WARN_UNGUARDED_AVAILABILITY = YES_AGGRESSIVE;
				CLANG_WARN_UNREACHABLE_CODE = YES;
				CLANG_WARN__DUPLICATE_METHOD_MATCH = YES;
				COPY_PHASE_STRIP = NO;
				DEBUG_INFORMATION_FORMAT = "dwarf-with-dsym";
				ENABLE_NS_ASSERTIONS = NO;
				ENABLE_STRICT_OBJC_MSGSEND = YES;
				GCC_C_LANGUAGE_STANDARD = gnu11;
				GCC_NO_COMMON_BLOCKS = YES;
				GCC_WARN_64_TO_32_BIT_CONVERSION = YES;
				GCC_WARN_ABOUT_RETURN_TYPE = YES_ERROR;
				GCC_WARN_UNDECLARED_SELECTOR = YES;
				GCC_WARN_UNINITIALIZED_AUTOS = YES_AGGRESSIVE;
				GCC_WARN_UNUSED_FUNCTION = YES;
				GCC_WARN_UNUSED_VARIABLE = YES;
				IPHONEOS_DEPLOYMENT_TARGET = 13.0;
				MTL_ENABLE_DEBUG_INFO = NO;
				MTL_FAST_MATH = YES;
				SDKROOT = iphoneos;
				SWIFT_COMPILATION_MODE = wholemodule;
				SWIFT_OPTIMIZATION_LEVEL = "-O";
				VALIDATE_PRODUCT = YES;
			};
			name = Release;
		};
		3120861229558D7C000377D7 /* Debug */ = {
			isa = XCBuildConfiguration;
			baseConfigurationReference = DF3FD03EFD3BFD45F10E4DED /* Pods-article-news.debug.xcconfig */;
			buildSettings = {
				ASSETCATALOG_COMPILER_APPICON_NAME = AppIcon;
				ASSETCATALOG_COMPILER_GLOBAL_ACCENT_COLOR_NAME = AccentColor;
				CLANG_ENABLE_MODULES = YES;
				CODE_SIGN_STYLE = Automatic;
				CURRENT_PROJECT_VERSION = 1;
				DEVELOPMENT_TEAM = KK9YF8G35D;
				GENERATE_INFOPLIST_FILE = YES;
				INFOPLIST_FILE = "article-news/System/Info.plist";
				INFOPLIST_KEY_UIApplicationSupportsIndirectInputEvents = YES;
				INFOPLIST_KEY_UILaunchStoryboardName = LaunchScreen.storyboard;
				INFOPLIST_KEY_UIMainStoryboardFile = Main;
				INFOPLIST_KEY_UISupportedInterfaceOrientations = UIInterfaceOrientationPortrait;
				INFOPLIST_KEY_UISupportedInterfaceOrientations_iPad = "UIInterfaceOrientationLandscapeLeft UIInterfaceOrientationLandscapeRight UIInterfaceOrientationPortrait UIInterfaceOrientationPortraitUpsideDown";
				IPHONEOS_DEPLOYMENT_TARGET = 13.0;
				LD_RUNPATH_SEARCH_PATHS = (
					"$(inherited)",
					"@executable_path/Frameworks",
				);
				MARKETING_VERSION = 1.0;
				PRODUCT_BUNDLE_IDENTIFIER = "com.robysetiawan.article-news";
				PRODUCT_NAME = "$(TARGET_NAME)";
				SUPPORTED_PLATFORMS = "iphoneos iphonesimulator";
				SUPPORTS_MACCATALYST = NO;
				SUPPORTS_MAC_DESIGNED_FOR_IPHONE_IPAD = YES;
				SWIFT_EMIT_LOC_STRINGS = YES;
				SWIFT_OBJC_BRIDGING_HEADER = "article-news/article-news-Bridging-Header.h";
				SWIFT_OPTIMIZATION_LEVEL = "-Onone";
				SWIFT_VERSION = 5.0;
				TARGETED_DEVICE_FAMILY = 1;
			};
			name = Debug;
		};
		3120861329558D7C000377D7 /* Release */ = {
			isa = XCBuildConfiguration;
			baseConfigurationReference = 6A6B856D54B49AE0EDCC2E61 /* Pods-article-news.release.xcconfig */;
			buildSettings = {
				ASSETCATALOG_COMPILER_APPICON_NAME = AppIcon;
				ASSETCATALOG_COMPILER_GLOBAL_ACCENT_COLOR_NAME = AccentColor;
				CLANG_ENABLE_MODULES = YES;
				CODE_SIGN_STYLE = Automatic;
				CURRENT_PROJECT_VERSION = 1;
				DEVELOPMENT_TEAM = KK9YF8G35D;
				GENERATE_INFOPLIST_FILE = YES;
				INFOPLIST_FILE = "article-news/System/Info.plist";
				INFOPLIST_KEY_UIApplicationSupportsIndirectInputEvents = YES;
				INFOPLIST_KEY_UILaunchStoryboardName = LaunchScreen.storyboard;
				INFOPLIST_KEY_UIMainStoryboardFile = Main;
				INFOPLIST_KEY_UISupportedInterfaceOrientations = UIInterfaceOrientationPortrait;
				INFOPLIST_KEY_UISupportedInterfaceOrientations_iPad = "UIInterfaceOrientationLandscapeLeft UIInterfaceOrientationLandscapeRight UIInterfaceOrientationPortrait UIInterfaceOrientationPortraitUpsideDown";
				IPHONEOS_DEPLOYMENT_TARGET = 13.0;
				LD_RUNPATH_SEARCH_PATHS = (
					"$(inherited)",
					"@executable_path/Frameworks",
				);
				MARKETING_VERSION = 1.0;
				PRODUCT_BUNDLE_IDENTIFIER = "com.robysetiawan.article-news";
				PRODUCT_NAME = "$(TARGET_NAME)";
				SUPPORTED_PLATFORMS = "iphoneos iphonesimulator";
				SUPPORTS_MACCATALYST = NO;
				SUPPORTS_MAC_DESIGNED_FOR_IPHONE_IPAD = YES;
				SWIFT_EMIT_LOC_STRINGS = YES;
				SWIFT_OBJC_BRIDGING_HEADER = "article-news/article-news-Bridging-Header.h";
				SWIFT_VERSION = 5.0;
				TARGETED_DEVICE_FAMILY = 1;
			};
			name = Release;
		};
/* End XCBuildConfiguration section */

/* Begin XCConfigurationList section */
		312085F829558D7B000377D7 /* Build configuration list for PBXProject "article-news" */ = {
			isa = XCConfigurationList;
			buildConfigurations = (
				3120860F29558D7C000377D7 /* Debug */,
				3120861029558D7C000377D7 /* Release */,
			);
			defaultConfigurationIsVisible = 0;
			defaultConfigurationName = Release;
		};
		3120861129558D7C000377D7 /* Build configuration list for PBXNativeTarget "article-news" */ = {
			isa = XCConfigurationList;
			buildConfigurations = (
				3120861229558D7C000377D7 /* Debug */,
				3120861329558D7C000377D7 /* Release */,
			);
			defaultConfigurationIsVisible = 0;
			defaultConfigurationName = Release;
		};
/* End XCConfigurationList section */

/* Begin XCRemoteSwiftPackageReference section */
		31EA276F29596329000E1397 /* XCRemoteSwiftPackageReference "Kingfisher" */ = {
			isa = XCRemoteSwiftPackageReference;
			repositoryURL = "https://github.com/onevcat/Kingfisher.git";
			requirement = {
				kind = upToNextMajorVersion;
				minimumVersion = 7.0.0;
			};
		};
/* End XCRemoteSwiftPackageReference section */

/* Begin XCSwiftPackageProductDependency section */
		31EA277029596329000E1397 /* Kingfisher */ = {
			isa = XCSwiftPackageProductDependency;
			package = 31EA276F29596329000E1397 /* XCRemoteSwiftPackageReference "Kingfisher" */;
			productName = Kingfisher;
		};
/* End XCSwiftPackageProductDependency section */
	};
	rootObject = 312085F529558D7B000377D7 /* Project object */;
}
