// !$*UTF8*$!
{
	archiveVersion = 1;
	classes = {
	};
	objectVersion = 56;
	objects = {

/* Begin PBXBuildFile section */
		3120860129558D7B000377D7 /* AppDelegate.swift in Sources */ = {isa = PBXBuildFile; fileRef = 3120860029558D7B000377D7 /* AppDelegate.swift */; };
		3120860329558D7B000377D7 /* SceneDelegate.swift in Sources */ = {isa = PBXBuildFile; fileRef = 3120860229558D7B000377D7 /* SceneDelegate.swift */; };
		3120860529558D7B000377D7 /* ViewController.swift in Sources */ = {isa = PBXBuildFile; fileRef = 3120860429558D7B000377D7 /* ViewController.swift */; };
		3120860829558D7B000377D7 /* Main.storyboard in Resources */ = {isa = PBXBuildFile; fileRef = 3120860629558D7B000377D7 /* Main.storyboard */; };
		3120860A29558D7C000377D7 /* Assets.xcassets in Resources */ = {isa = PBXBuildFile; fileRef = 3120860929558D7C000377D7 /* Assets.xcassets */; };
		3120860D29558D7C000377D7 /* LaunchScreen.storyboard in Resources */ = {isa = PBXBuildFile; fileRef = 3120860B29558D7C000377D7 /* LaunchScreen.storyboard */; };
		31208619295595AD000377D7 /* AppInsightsArticleNewsWrapper.mm in Sources */ = {isa = PBXBuildFile; fileRef = 31208615295595AD000377D7 /* AppInsightsArticleNewsWrapper.mm */; };
		3120861A295595AD000377D7 /* AppInsightsArticleNews.cpp in Sources */ = {isa = PBXBuildFile; fileRef = 31208618295595AD000377D7 /* AppInsightsArticleNews.cpp */; };
		3120861F295597F6000377D7 /* AppInsightsArticleNews.hpp in Headers */ = {isa = PBXBuildFile; fileRef = 31208616295595AD000377D7 /* AppInsightsArticleNews.hpp */; };
		31208620295597F6000377D7 /* AppInsightsArticleNewsWrapper.h in Headers */ = {isa = PBXBuildFile; fileRef = 31208617295595AD000377D7 /* AppInsightsArticleNewsWrapper.h */; settings = {ATTRIBUTES = (Public, ); }; };
		31208621295597F6000377D7 /* article-news-Bridging-Header.h in Headers */ = {isa = PBXBuildFile; fileRef = 31208614295595AC000377D7 /* article-news-Bridging-Header.h */; settings = {ATTRIBUTES = (Public, ); }; };
		3120862729559D90000377D7 /* api_services.swift in Sources */ = {isa = PBXBuildFile; fileRef = 3120862629559D90000377D7 /* api_services.swift */; };
		3120862B2955A053000377D7 /* NewsApi.swift in Sources */ = {isa = PBXBuildFile; fileRef = 3120862A2955A053000377D7 /* NewsApi.swift */; };
		3120862D2955A171000377D7 /* Articles.swift in Sources */ = {isa = PBXBuildFile; fileRef = 3120862C2955A171000377D7 /* Articles.swift */; };
		312086322955ACBD000377D7 /* SourceArticleNewsModels.swift in Sources */ = {isa = PBXBuildFile; fileRef = 312086312955ACBD000377D7 /* SourceArticleNewsModels.swift */; };
		3120863A2956872E000377D7 /* Categories.swift in Sources */ = {isa = PBXBuildFile; fileRef = 312086392956872E000377D7 /* Categories.swift */; };
		312B84B62958C42E0042F0A7 /* StringExtension.swift in Sources */ = {isa = PBXBuildFile; fileRef = 312B84B52958C42E0042F0A7 /* StringExtension.swift */; };
		315040EE2958D752002CB1DE /* ArticleNewsModels.swift in Sources */ = {isa = PBXBuildFile; fileRef = 315040ED2958D752002CB1DE /* ArticleNewsModels.swift */; };
		315040F02958D7C9002CB1DE /* SearchArticleRepository.swift in Sources */ = {isa = PBXBuildFile; fileRef = 315040EF2958D7C9002CB1DE /* SearchArticleRepository.swift */; };
		315CDCE82958D2800082FBCE /* ArticleNewsViewController.swift in Sources */ = {isa = PBXBuildFile; fileRef = 315CDCE72958D2800082FBCE /* ArticleNewsViewController.swift */; };
		31743480295A4A2200966599 /* UIViewControllerExtension.swift in Sources */ = {isa = PBXBuildFile; fileRef = 3174347F295A4A2200966599 /* UIViewControllerExtension.swift */; };
		31743482295A518900966599 /* WebviewArtikelController.swift in Sources */ = {isa = PBXBuildFile; fileRef = 31743481295A518900966599 /* WebviewArtikelController.swift */; };
		319855212956D06200E0E893 /* CategoryCollectionViewCell.swift in Sources */ = {isa = PBXBuildFile; fileRef = 319855202956D06200E0E893 /* CategoryCollectionViewCell.swift */; };
		319855232956D31E00E0E893 /* DataCategories.swift in Sources */ = {isa = PBXBuildFile; fileRef = 319855222956D31E00E0E893 /* DataCategories.swift */; };
		319AB04D295718F200DC81A9 /* SourceNewsViewController.swift in Sources */ = {isa = PBXBuildFile; fileRef = 319AB04C295718F200DC81A9 /* SourceNewsViewController.swift */; };
		319B55192957F38B00EC86EA /* ErrorApiFormation.swift in Sources */ = {isa = PBXBuildFile; fileRef = 319B55182957F38B00EC86EA /* ErrorApiFormation.swift */; };
		319B551C29581B4700EC86EA /* SearchSourceRepository.swift in Sources */ = {isa = PBXBuildFile; fileRef = 319B551B29581B4700EC86EA /* SearchSourceRepository.swift */; };
		319B552029582CC600EC86EA /* SourceParameter.swift in Sources */ = {isa = PBXBuildFile; fileRef = 319B551F29582CC600EC86EA /* SourceParameter.swift */; };
		319B552229582D3000EC86EA /* Source.swift in Sources */ = {isa = PBXBuildFile; fileRef = 319B552129582D3000EC86EA /* Source.swift */; };
		31EA276C295946EF000E1397 /* ArticleParameter.swift in Sources */ = {isa = PBXBuildFile; fileRef = 31EA276B295946EF000E1397 /* ArticleParameter.swift */; };
		31EA276E2959626F000E1397 /* TSImageView.swift in Sources */ = {isa = PBXBuildFile; fileRef = 31EA276D2959626F000E1397 /* TSImageView.swift */; };
		31EA277129596329000E1397 /* Kingfisher in Frameworks */ = {isa = PBXBuildFile; productRef = 31EA277029596329000E1397 /* Kingfisher */; };
		31EA277629598F7B000E1397 /* ArticleCollectionViewCell.swift in Sources */ = {isa = PBXBuildFile; fileRef = 31EA277429598F7B000E1397 /* ArticleCollectionViewCell.swift */; };
		31EA277729598F7B000E1397 /* ArticleCollectionViewCell.xib in Resources */ = {isa = PBXBuildFile; fileRef = 31EA277529598F7B000E1397 /* ArticleCollectionViewCell.xib */; };
		31EA277929599353000E1397 /* DateExtension.swift in Sources */ = {isa = PBXBuildFile; fileRef = 31EA277829599353000E1397 /* DateExtension.swift */; };
		31EA277B2959B4F0000E1397 /* DailySourceItemLayout.swift in Sources */ = {isa = PBXBuildFile; fileRef = 31EA277A2959B4F0000E1397 /* DailySourceItemLayout.swift */; };
		BA04D5FF2C83CAE8870F0786 /* Pods_article_news.framework in Frameworks */ = {isa = PBXBuildFile; fileRef = F1EDCCCBC324A6B3677AB870 /* Pods_article_news.framework */; };
/* End PBXBuildFile section */

/* Begin PBXFileReference section */
		312085FD29558D7B000377D7 /* article-news.app */ = {isa = PBXFileReference; explicitFileType = wrapper.application; includeInIndex = 0; path = "article-news.app"; sourceTree = BUILT_PRODUCTS_DIR; };
		3120860029558D7B000377D7 /* AppDelegate.swift */ = {isa = PBXFileReference; lastKnownFileType = sourcecode.swift; path = AppDelegate.swift; sourceTree = "<group>"; };
		3120860229558D7B000377D7 /* SceneDelegate.swift */ = {isa = PBXFileReference; lastKnownFileType = sourcecode.swift; path = SceneDelegate.swift; sourceTree = "<group>"; };
		3120860429558D7B000377D7 /* ViewController.swift */ = {isa = PBXFileReference; lastKnownFileType = sourcecode.swift; path = ViewController.swift; sourceTree = "<group>"; };
		3120860729558D7B000377D7 /* Base */ = {isa = PBXFileReference; lastKnownFileType = file.storyboard; name = Base; path = Base.lproj/Main.storyboard; sourceTree = "<group>"; };
		3120860929558D7C000377D7 /* Assets.xcassets */ = {isa = PBXFileReference; lastKnownFileType = folder.assetcatalog; path = Assets.xcassets; sourceTree = "<group>"; };
		3120860C29558D7C000377D7 /* Base */ = {isa = PBXFileReference; lastKnownFileType = file.storyboard; name = Base; path = Base.lproj/LaunchScreen.storyboard; sourceTree = "<group>"; };
		3120860E29558D7C000377D7 /* Info.plist */ = {isa = PBXFileReference; lastKnownFileType = text.plist.xml; path = Info.plist; sourceTree = "<group>"; };
		31208614295595AC000377D7 /* article-news-Bridging-Header.h */ = {isa = PBXFileReference; lastKnownFileType = sourcecode.c.h; path = "article-news-Bridging-Header.h"; sourceTree = "<group>"; };
		31208615295595AD000377D7 /* AppInsightsArticleNewsWrapper.mm */ = {isa = PBXFileReference; fileEncoding = 4; lastKnownFileType = sourcecode.cpp.objcpp; path = AppInsightsArticleNewsWrapper.mm; sourceTree = "<group>"; };
		31208616295595AD000377D7 /* AppInsightsArticleNews.hpp */ = {isa = PBXFileReference; fileEncoding = 4; lastKnownFileType = sourcecode.cpp.h; path = AppInsightsArticleNews.hpp; sourceTree = "<group>"; };
		31208617295595AD000377D7 /* AppInsightsArticleNewsWrapper.h */ = {isa = PBXFileReference; fileEncoding = 4; lastKnownFileType = sourcecode.c.h; path = AppInsightsArticleNewsWrapper.h; sourceTree = "<group>"; };
		31208618295595AD000377D7 /* AppInsightsArticleNews.cpp */ = {isa = PBXFileReference; fileEncoding = 4; lastKnownFileType = sourcecode.cpp.cpp; path = AppInsightsArticleNews.cpp; sourceTree = "<group>"; };
		3120862629559D90000377D7 /* api_services.swift */ = {isa = PBXFileReference; lastKnownFileType = sourcecode.swift; path = api_services.swift; sourceTree = "<group>"; };
		3120862A2955A053000377D7 /* NewsApi.swift */ = {isa = PBXFileReference; lastKnownFileType = sourcecode.swift; path = NewsApi.swift; sourceTree = "<group>"; };
		3120862C2955A171000377D7 /* Articles.swift */ = {isa = PBXFileReference; lastKnownFileType = sourcecode.swift; path = Articles.swift; sourceTree = "<group>"; };
		312086312955ACBD000377D7 /* SourceArticleNewsModels.swift */ = {isa = PBXFileReference; lastKnownFileType = sourcecode.swift; path = SourceArticleNewsModels.swift; sourceTree = "<group>"; };
		312086392956872E000377D7 /* Categories.swift */ = {isa = PBXFileReference; lastKnownFileType = sourcecode.swift; path = Categories.swift; sourceTree = "<group>"; };
		312B84B52958C42E0042F0A7 /* StringExtension.swift */ = {isa = PBXFileReference; lastKnownFileType = sourcecode.swift; path = StringExtension.swift; sourceTree = "<group>"; };
		315040ED2958D752002CB1DE /* ArticleNewsModels.swift */ = {isa = PBXFileReference; lastKnownFileType = sourcecode.swift; path = ArticleNewsModels.swift; sourceTree = "<group>"; };
		315040EF2958D7C9002CB1DE /* SearchArticleRepository.swift */ = {isa = PBXFileReference; lastKnownFileType = sourcecode.swift; path = SearchArticleRepository.swift; sourceTree = "<group>"; };
		315CDCE72958D2800082FBCE /* ArticleNewsViewController.swift */ = {isa = PBXFileReference; lastKnownFileType = sourcecode.swift; path = ArticleNewsViewController.swift; sourceTree = "<group>"; };
		3174347F295A4A2200966599 /* UIViewControllerExtension.swift */ = {isa = PBXFileReference; lastKnownFileType = sourcecode.swift; path = UIViewControllerExtension.swift; sourceTree = "<group>"; };
		31743481295A518900966599 /* WebviewArtikelController.swift */ = {isa = PBXFileReference; lastKnownFileType = sourcecode.swift; path = WebviewArtikelController.swift; sourceTree = "<group>"; };
		319855202956D06200E0E893 /* CategoryCollectionViewCell.swift */ = {isa = PBXFileReference; lastKnownFileType = sourcecode.swift; path = CategoryCollectionViewCell.swift; sourceTree = "<group>"; };
		319855222956D31E00E0E893 /* DataCategories.swift */ = {isa = PBXFileReference; lastKnownFileType = sourcecode.swift; path = DataCategories.swift; sourceTree = "<group>"; };
		319AB04C295718F200DC81A9 /* SourceNewsViewController.swift */ = {isa = PBXFileReference; lastKnownFileType = sourcecode.swift; path = SourceNewsViewController.swift; sourceTree = "<group>"; };
		319B55182957F38B00EC86EA /* ErrorApiFormation.swift */ = {isa = PBXFileReference; lastKnownFileType = sourcecode.swift; path = ErrorApiFormation.swift; sourceTree = "<group>"; };
		319B551B29581B4700EC86EA /* SearchSourceRepository.swift */ = {isa = PBXFileReference; lastKnownFileType = sourcecode.swift; path = SearchSourceRepository.swift; sourceTree = "<group>"; };
		319B551F29582CC600EC86EA /* SourceParameter.swift */ = {isa = PBXFileReference; lastKnownFileType = sourcecode.swift; path = SourceParameter.swift; sourceTree = "<group>"; };
		319B552129582D3000EC86EA /* Source.swift */ = {isa = PBXFileReference; lastKnownFileType = sourcecode.swift; path = Source.swift; sourceTree = "<group>"; };
		31EA276B295946EF000E1397 /* ArticleParameter.swift */ = {isa = PBXFileReference; lastKnownFileType = sourcecode.swift; path = ArticleParameter.swift; sourceTree = "<group>"; };
		31EA276D2959626F000E1397 /* TSImageView.swift */ = {isa = PBXFileReference; lastKnownFileType = sourcecode.swift; path = TSImageView.swift; sourceTree = "<group>"; };
		31EA277429598F7B000E1397 /* ArticleCollectionViewCell.swift */ = {isa = PBXFileReference; lastKnownFileType = sourcecode.swift; name = ArticleCollectionViewCell.swift; path = Views/Cell/ArticleCollectionViewCell.swift; sourceTree = "<group>"; };
		31EA277529598F7B000E1397 /* ArticleCollectionViewCell.xib */ = {isa = PBXFileReference; lastKnownFileType = file.xib; name = ArticleCollectionViewCell.xib; path = Views/Cell/ArticleCollectionViewCell.xib; sourceTree = "<group>"; };
		31EA277829599353000E1397 /* DateExtension.swift */ = {isa = PBXFileReference; lastKnownFileType = sourcecode.swift; path = DateExtension.swift; sourceTree = "<group>"; };
		31EA277A2959B4F0000E1397 /* DailySourceItemLayout.swift */ = {isa = PBXFileReference; fileEncoding = 4; lastKnownFileType = sourcecode.swift; path = DailySourceItemLayout.swift; sourceTree = "<group>"; };
		72FB3CC99785E8CC9927E4AB /* Pods-article-news.debug.xcconfig */ = {isa = PBXFileReference; includeInIndex = 1; lastKnownFileType = text.xcconfig; name = "Pods-article-news.debug.xcconfig"; path = "Target Support Files/Pods-article-news/Pods-article-news.debug.xcconfig"; sourceTree = "<group>"; };
		754451E05C4822E6FD51A958 /* Pods-article-news.release.xcconfig */ = {isa = PBXFileReference; includeInIndex = 1; lastKnownFileType = text.xcconfig; name = "Pods-article-news.release.xcconfig"; path = "Target Support Files/Pods-article-news/Pods-article-news.release.xcconfig"; sourceTree = "<group>"; };
		F1EDCCCBC324A6B3677AB870 /* Pods_article_news.framework */ = {isa = PBXFileReference; explicitFileType = wrapper.framework; includeInIndex = 0; path = Pods_article_news.framework; sourceTree = BUILT_PRODUCTS_DIR; };
/* End PBXFileReference section */

/* Begin PBXFrameworksBuildPhase section */
		312085FA29558D7B000377D7 /* Frameworks */ = {
			isa = PBXFrameworksBuildPhase;
			buildActionMask = 2147483647;
			files = (
				31EA277129596329000E1397 /* Kingfisher in Frameworks */,
				BA04D5FF2C83CAE8870F0786 /* Pods_article_news.framework in Frameworks */,
			);
			runOnlyForDeploymentPostprocessing = 0;
		};
/* End PBXFrameworksBuildPhase section */

/* Begin PBXGroup section */
		312085F429558D7B000377D7 = {
			isa = PBXGroup;
			children = (
				312085FF29558D7B000377D7 /* article-news */,
				312085FE29558D7B000377D7 /* Products */,
				DF8EA06D4DE6DD0B997C3D18 /* Pods */,
				4F7DF732861ED3A4BD2AC895 /* Frameworks */,
			);
			sourceTree = "<group>";
		};
		312085FE29558D7B000377D7 /* Products */ = {
			isa = PBXGroup;
			children = (
				312085FD29558D7B000377D7 /* article-news.app */,
			);
			name = Products;
			sourceTree = "<group>";
		};
		312085FF29558D7B000377D7 /* article-news */ = {
			isa = PBXGroup;
			children = (
				312B84B42958C4210042F0A7 /* Extensions */,
				319B551A29581B3700EC86EA /* Repository */,
				312086382955F934000377D7 /* Views */,
				312086332955B30A000377D7 /* DataConstant */,
				312086302955AC8E000377D7 /* ViewModels */,
				3120862929559FC0000377D7 /* Utils */,
				3120862829559DBD000377D7 /* Models */,
				3120862529559D83000377D7 /* Services */,
				31208618295595AD000377D7 /* AppInsightsArticleNews.cpp */,
				31208616295595AD000377D7 /* AppInsightsArticleNews.hpp */,
				31208617295595AD000377D7 /* AppInsightsArticleNewsWrapper.h */,
				31208615295595AD000377D7 /* AppInsightsArticleNewsWrapper.mm */,
				3120860029558D7B000377D7 /* AppDelegate.swift */,
				3120860229558D7B000377D7 /* SceneDelegate.swift */,
				3120860429558D7B000377D7 /* ViewController.swift */,
				3120860629558D7B000377D7 /* Main.storyboard */,
				319855202956D06200E0E893 /* CategoryCollectionViewCell.swift */,
				3120860929558D7C000377D7 /* Assets.xcassets */,
				3120860B29558D7C000377D7 /* LaunchScreen.storyboard */,
				3120860E29558D7C000377D7 /* Info.plist */,
				31208614295595AC000377D7 /* article-news-Bridging-Header.h */,
				319AB04C295718F200DC81A9 /* SourceNewsViewController.swift */,
				315CDCE72958D2800082FBCE /* ArticleNewsViewController.swift */,
				31EA277429598F7B000E1397 /* ArticleCollectionViewCell.swift */,
				31EA277529598F7B000E1397 /* ArticleCollectionViewCell.xib */,
			);
			path = "article-news";
			sourceTree = "<group>";
		};
		3120862529559D83000377D7 /* Services */ = {
			isa = PBXGroup;
			children = (
				3120862629559D90000377D7 /* api_services.swift */,
			);
			path = Services;
			sourceTree = "<group>";
		};
		3120862829559DBD000377D7 /* Models */ = {
			isa = PBXGroup;
			children = (
				3120862C2955A171000377D7 /* Articles.swift */,
				312086392956872E000377D7 /* Categories.swift */,
				319B551F29582CC600EC86EA /* SourceParameter.swift */,
				319B552129582D3000EC86EA /* Source.swift */,
				31EA276B295946EF000E1397 /* ArticleParameter.swift */,
			);
			path = Models;
			sourceTree = "<group>";
		};
		3120862929559FC0000377D7 /* Utils */ = {
			isa = PBXGroup;
			children = (
				3120862A2955A053000377D7 /* NewsApi.swift */,
				319B55182957F38B00EC86EA /* ErrorApiFormation.swift */,
				31EA276D2959626F000E1397 /* TSImageView.swift */,
			);
			path = Utils;
			sourceTree = "<group>";
		};
		312086302955AC8E000377D7 /* ViewModels */ = {
			isa = PBXGroup;
			children = (
				312086312955ACBD000377D7 /* SourceArticleNewsModels.swift */,
				315040ED2958D752002CB1DE /* ArticleNewsModels.swift */,
			);
			path = ViewModels;
			sourceTree = "<group>";
		};
		312086332955B30A000377D7 /* DataConstant */ = {
			isa = PBXGroup;
			children = (
				319855222956D31E00E0E893 /* DataCategories.swift */,
			);
			path = DataConstant;
			sourceTree = "<group>";
		};
		312086382955F934000377D7 /* Views */ = {
			isa = PBXGroup;
			children = (
				31EA277A2959B4F0000E1397 /* DailySourceItemLayout.swift */,
				31743481295A518900966599 /* WebviewArtikelController.swift */,
			);
			path = Views;
			sourceTree = "<group>";
		};
		312B84B42958C4210042F0A7 /* Extensions */ = {
			isa = PBXGroup;
			children = (
				312B84B52958C42E0042F0A7 /* StringExtension.swift */,
				31EA277829599353000E1397 /* DateExtension.swift */,
				3174347F295A4A2200966599 /* UIViewControllerExtension.swift */,
			);
			path = Extensions;
			sourceTree = "<group>";
		};
		319B551A29581B3700EC86EA /* Repository */ = {
			isa = PBXGroup;
			children = (
				319B551B29581B4700EC86EA /* SearchSourceRepository.swift */,
				315040EF2958D7C9002CB1DE /* SearchArticleRepository.swift */,
			);
			path = Repository;
			sourceTree = "<group>";
		};
		4F7DF732861ED3A4BD2AC895 /* Frameworks */ = {
			isa = PBXGroup;
			children = (
				F1EDCCCBC324A6B3677AB870 /* Pods_article_news.framework */,
			);
			name = Frameworks;
			sourceTree = "<group>";
		};
		DF8EA06D4DE6DD0B997C3D18 /* Pods */ = {
			isa = PBXGroup;
			children = (
				72FB3CC99785E8CC9927E4AB /* Pods-article-news.debug.xcconfig */,
				754451E05C4822E6FD51A958 /* Pods-article-news.release.xcconfig */,
			);
			path = Pods;
			sourceTree = "<group>";
		};
/* End PBXGroup section */

/* Begin PBXHeadersBuildPhase section */
		3120861B29559728000377D7 /* Headers */ = {
			isa = PBXHeadersBuildPhase;
			buildActionMask = 2147483647;
			files = (
				31208621295597F6000377D7 /* article-news-Bridging-Header.h in Headers */,
				31208620295597F6000377D7 /* AppInsightsArticleNewsWrapper.h in Headers */,
				3120861F295597F6000377D7 /* AppInsightsArticleNews.hpp in Headers */,
			);
			runOnlyForDeploymentPostprocessing = 0;
		};
/* End PBXHeadersBuildPhase section */

/* Begin PBXNativeTarget section */
		312085FC29558D7B000377D7 /* article-news */ = {
			isa = PBXNativeTarget;
			buildConfigurationList = 3120861129558D7C000377D7 /* Build configuration list for PBXNativeTarget "article-news" */;
			buildPhases = (
				B99877733390B973ACEA9AA7 /* [CP] Check Pods Manifest.lock */,
				3120861B29559728000377D7 /* Headers */,
				312085F929558D7B000377D7 /* Sources */,
				312085FA29558D7B000377D7 /* Frameworks */,
				312085FB29558D7B000377D7 /* Resources */,
				B73C564536262DAC2B3402F1 /* [CP] Embed Pods Frameworks */,
			);
			buildRules = (
			);
			dependencies = (
			);
			name = "article-news";
			packageProductDependencies = (
				31EA277029596329000E1397 /* Kingfisher */,
			);
			productName = "article-news";
			productReference = 312085FD29558D7B000377D7 /* article-news.app */;
			productType = "com.apple.product-type.application";
		};
/* End PBXNativeTarget section */

/* Begin PBXProject section */
		312085F529558D7B000377D7 /* Project object */ = {
			isa = PBXProject;
			attributes = {
				BuildIndependentTargetsInParallel = 1;
				LastSwiftUpdateCheck = 1420;
				LastUpgradeCheck = 1420;
				TargetAttributes = {
					312085FC29558D7B000377D7 = {
						CreatedOnToolsVersion = 14.2;
						LastSwiftMigration = 1420;
					};
				};
			};
			buildConfigurationList = 312085F829558D7B000377D7 /* Build configuration list for PBXProject "article-news" */;
			compatibilityVersion = "Xcode 14.0";
			developmentRegion = en;
			hasScannedForEncodings = 0;
			knownRegions = (
				en,
				Base,
			);
			mainGroup = 312085F429558D7B000377D7;
			packageReferences = (
				31EA276F29596329000E1397 /* XCRemoteSwiftPackageReference "Kingfisher" */,
			);
			productRefGroup = 312085FE29558D7B000377D7 /* Products */;
			projectDirPath = "";
			projectRoot = "";
			targets = (
				312085FC29558D7B000377D7 /* article-news */,
			);
		};
/* End PBXProject section */

/* Begin PBXResourcesBuildPhase section */
		312085FB29558D7B000377D7 /* Resources */ = {
			isa = PBXResourcesBuildPhase;
			buildActionMask = 2147483647;
			files = (
				3120860D29558D7C000377D7 /* LaunchScreen.storyboard in Resources */,
				31EA277729598F7B000E1397 /* ArticleCollectionViewCell.xib in Resources */,
				3120860A29558D7C000377D7 /* Assets.xcassets in Resources */,
				3120860829558D7B000377D7 /* Main.storyboard in Resources */,
			);
			runOnlyForDeploymentPostprocessing = 0;
		};
/* End PBXResourcesBuildPhase section */

/* Begin PBXShellScriptBuildPhase section */
		B73C564536262DAC2B3402F1 /* [CP] Embed Pods Frameworks */ = {
			isa = PBXShellScriptBuildPhase;
			buildActionMask = 2147483647;
			files = (
			);
			inputFileListPaths = (
				"${PODS_ROOT}/Target Support Files/Pods-article-news/Pods-article-news-frameworks-${CONFIGURATION}-input-files.xcfilelist",
			);
			name = "[CP] Embed Pods Frameworks";
			outputFileListPaths = (
				"${PODS_ROOT}/Target Support Files/Pods-article-news/Pods-article-news-frameworks-${CONFIGURATION}-output-files.xcfilelist",
			);
			runOnlyForDeploymentPostprocessing = 0;
			shellPath = /bin/sh;
			shellScript = "\"${PODS_ROOT}/Target Support Files/Pods-article-news/Pods-article-news-frameworks.sh\"\n";
			showEnvVarsInLog = 0;
		};
		B99877733390B973ACEA9AA7 /* [CP] Check Pods Manifest.lock */ = {
			isa = PBXShellScriptBuildPhase;
			buildActionMask = 2147483647;
			files = (
			);
			inputFileListPaths = (
			);
			inputPaths = (
				"${PODS_PODFILE_DIR_PATH}/Podfile.lock",
				"${PODS_ROOT}/Manifest.lock",
			);
			name = "[CP] Check Pods Manifest.lock";
			outputFileListPaths = (
			);
			outputPaths = (
				"$(DERIVED_FILE_DIR)/Pods-article-news-checkManifestLockResult.txt",
			);
			runOnlyForDeploymentPostprocessing = 0;
			shellPath = /bin/sh;
			shellScript = "diff \"${PODS_PODFILE_DIR_PATH}/Podfile.lock\" \"${PODS_ROOT}/Manifest.lock\" > /dev/null\nif [ $? != 0 ] ; then\n    # print error to STDERR\n    echo \"error: The sandbox is not in sync with the Podfile.lock. Run 'pod install' or update your CocoaPods installation.\" >&2\n    exit 1\nfi\n# This output is used by Xcode 'outputs' to avoid re-running this script phase.\necho \"SUCCESS\" > \"${SCRIPT_OUTPUT_FILE_0}\"\n";
			showEnvVarsInLog = 0;
		};
/* End PBXShellScriptBuildPhase section */

/* Begin PBXSourcesBuildPhase section */
		312085F929558D7B000377D7 /* Sources */ = {
			isa = PBXSourcesBuildPhase;
			buildActionMask = 2147483647;
			files = (
				319B552029582CC600EC86EA /* SourceParameter.swift in Sources */,
				3120862D2955A171000377D7 /* Articles.swift in Sources */,
				31743480295A4A2200966599 /* UIViewControllerExtension.swift in Sources */,
				315040F02958D7C9002CB1DE /* SearchArticleRepository.swift in Sources */,
				319855232956D31E00E0E893 /* DataCategories.swift in Sources */,
				319B551C29581B4700EC86EA /* SearchSourceRepository.swift in Sources */,
				3120862729559D90000377D7 /* api_services.swift in Sources */,
				315040EE2958D752002CB1DE /* ArticleNewsModels.swift in Sources */,
				3120861A295595AD000377D7 /* AppInsightsArticleNews.cpp in Sources */,
				315CDCE82958D2800082FBCE /* ArticleNewsViewController.swift in Sources */,
				3120860529558D7B000377D7 /* ViewController.swift in Sources */,
				319AB04D295718F200DC81A9 /* SourceNewsViewController.swift in Sources */,
				31EA277929599353000E1397 /* DateExtension.swift in Sources */,
				3120860129558D7B000377D7 /* AppDelegate.swift in Sources */,
				3120860329558D7B000377D7 /* SceneDelegate.swift in Sources */,
				31208619295595AD000377D7 /* AppInsightsArticleNewsWrapper.mm in Sources */,
				319B55192957F38B00EC86EA /* ErrorApiFormation.swift in Sources */,
				3120863A2956872E000377D7 /* Categories.swift in Sources */,
				31743482295A518900966599 /* WebviewArtikelController.swift in Sources */,
				319855212956D06200E0E893 /* CategoryCollectionViewCell.swift in Sources */,
				312086322955ACBD000377D7 /* SourceArticleNewsModels.swift in Sources */,
				312B84B62958C42E0042F0A7 /* StringExtension.swift in Sources */,
				31EA276E2959626F000E1397 /* TSImageView.swift in Sources */,
				319B552229582D3000EC86EA /* Source.swift in Sources */,
				31EA277629598F7B000E1397 /* ArticleCollectionViewCell.swift in Sources */,
				31EA276C295946EF000E1397 /* ArticleParameter.swift in Sources */,
				3120862B2955A053000377D7 /* NewsApi.swift in Sources */,
				31EA277B2959B4F0000E1397 /* DailySourceItemLayout.swift in Sources */,
			);
			runOnlyForDeploymentPostprocessing = 0;
		};
/* End PBXSourcesBuildPhase section */

/* Begin PBXVariantGroup section */
		3120860629558D7B000377D7 /* Main.storyboard */ = {
			isa = PBXVariantGroup;
			children = (
				3120860729558D7B000377D7 /* Base */,
			);
			name = Main.storyboard;
			sourceTree = "<group>";
		};
		3120860B29558D7C000377D7 /* LaunchScreen.storyboard */ = {
			isa = PBXVariantGroup;
			children = (
				3120860C29558D7C000377D7 /* Base */,
			);
			name = LaunchScreen.storyboard;
			sourceTree = "<group>";
		};
/* End PBXVariantGroup section */

/* Begin XCBuildConfiguration section */
		3120860F29558D7C000377D7 /* Debug */ = {
			isa = XCBuildConfiguration;
			buildSettings = {
				ALWAYS_SEARCH_USER_PATHS = NO;
				CLANG_ANALYZER_NONNULL = YES;
				CLANG_ANALYZER_NUMBER_OBJECT_CONVERSION = YES_AGGRESSIVE;
				CLANG_CXX_LANGUAGE_STANDARD = "gnu++20";
				CLANG_ENABLE_MODULES = YES;
				CLANG_ENABLE_OBJC_ARC = YES;
				CLANG_ENABLE_OBJC_WEAK = YES;
				CLANG_WARN_BLOCK_CAPTURE_AUTORELEASING = YES;
				CLANG_WARN_BOOL_CONVERSION = YES;
				CLANG_WARN_COMMA = YES;
				CLANG_WARN_CONSTANT_CONVERSION = YES;
				CLANG_WARN_DEPRECATED_OBJC_IMPLEMENTATIONS = YES;
				CLANG_WARN_DIRECT_OBJC_ISA_USAGE = YES_ERROR;
				CLANG_WARN_DOCUMENTATION_COMMENTS = YES;
				CLANG_WARN_EMPTY_BODY = YES;
				CLANG_WARN_ENUM_CONVERSION = YES;
				CLANG_WARN_INFINITE_RECURSION = YES;
				CLANG_WARN_INT_CONVERSION = YES;
				CLANG_WARN_NON_LITERAL_NULL_CONVERSION = YES;
				CLANG_WARN_OBJC_IMPLICIT_RETAIN_SELF = YES;
				CLANG_WARN_OBJC_LITERAL_CONVERSION = YES;
				CLANG_WARN_OBJC_ROOT_CLASS = YES_ERROR;
				CLANG_WARN_QUOTED_INCLUDE_IN_FRAMEWORK_HEADER = YES;
				CLANG_WARN_RANGE_LOOP_ANALYSIS = YES;
				CLANG_WARN_STRICT_PROTOTYPES = YES;
				CLANG_WARN_SUSPICIOUS_MOVE = YES;
				CLANG_WARN_UNGUARDED_AVAILABILITY = YES_AGGRESSIVE;
				CLANG_WARN_UNREACHABLE_CODE = YES;
				CLANG_WARN__DUPLICATE_METHOD_MATCH = YES;
				COPY_PHASE_STRIP = NO;
				DEBUG_INFORMATION_FORMAT = dwarf;
				ENABLE_STRICT_OBJC_MSGSEND = YES;
				ENABLE_TESTABILITY = YES;
				GCC_C_LANGUAGE_STANDARD = gnu11;
				GCC_DYNAMIC_NO_PIC = NO;
				GCC_NO_COMMON_BLOCKS = YES;
				GCC_OPTIMIZATION_LEVEL = 0;
				GCC_PREPROCESSOR_DEFINITIONS = (
					"DEBUG=1",
					"$(inherited)",
				);
				GCC_WARN_64_TO_32_BIT_CONVERSION = YES;
				GCC_WARN_ABOUT_RETURN_TYPE = YES_ERROR;
				GCC_WARN_UNDECLARED_SELECTOR = YES;
				GCC_WARN_UNINITIALIZED_AUTOS = YES_AGGRESSIVE;
				GCC_WARN_UNUSED_FUNCTION = YES;
				GCC_WARN_UNUSED_VARIABLE = YES;
				IPHONEOS_DEPLOYMENT_TARGET = 13.0;
				MTL_ENABLE_DEBUG_INFO = INCLUDE_SOURCE;
				MTL_FAST_MATH = YES;
				ONLY_ACTIVE_ARCH = YES;
				SDKROOT = iphoneos;
				SWIFT_ACTIVE_COMPILATION_CONDITIONS = DEBUG;
				SWIFT_OPTIMIZATION_LEVEL = "-Onone";
			};
			name = Debug;
		};
		3120861029558D7C000377D7 /* Release */ = {
			isa = XCBuildConfiguration;
			buildSettings = {
				ALWAYS_SEARCH_USER_PATHS = NO;
				CLANG_ANALYZER_NONNULL = YES;
				CLANG_ANALYZER_NUMBER_OBJECT_CONVERSION = YES_AGGRESSIVE;
				CLANG_CXX_LANGUAGE_STANDARD = "gnu++20";
				CLANG_ENABLE_MODULES = YES;
				CLANG_ENABLE_OBJC_ARC = YES;
				CLANG_ENABLE_OBJC_WEAK = YES;
				CLANG_WARN_BLOCK_CAPTURE_AUTORELEASING = YES;
				CLANG_WARN_BOOL_CONVERSION = YES;
				CLANG_WARN_COMMA = YES;
				CLANG_WARN_CONSTANT_CONVERSION = YES;
				CLANG_WARN_DEPRECATED_OBJC_IMPLEMENTATIONS = YES;
				CLANG_WARN_DIRECT_OBJC_ISA_USAGE = YES_ERROR;
				CLANG_WARN_DOCUMENTATION_COMMENTS = YES;
				CLANG_WARN_EMPTY_BODY = YES;
				CLANG_WARN_ENUM_CONVERSION = YES;
				CLANG_WARN_INFINITE_RECURSION = YES;
				CLANG_WARN_INT_CONVERSION = YES;
				CLANG_WARN_NON_LITERAL_NULL_CONVERSION = YES;
				CLANG_WARN_OBJC_IMPLICIT_RETAIN_SELF = YES;
				CLANG_WARN_OBJC_LITERAL_CONVERSION = YES;
				CLANG_WARN_OBJC_ROOT_CLASS = YES_ERROR;
				CLANG_WARN_QUOTED_INCLUDE_IN_FRAMEWORK_HEADER = YES;
				CLANG_WARN_RANGE_LOOP_ANALYSIS = YES;
				CLANG_WARN_STRICT_PROTOTYPES = YES;
				CLANG_WARN_SUSPICIOUS_MOVE = YES;
				CLANG_WARN_UNGUARDED_AVAILABILITY = YES_AGGRESSIVE;
				CLANG_WARN_UNREACHABLE_CODE = YES;
				CLANG_WARN__DUPLICATE_METHOD_MATCH = YES;
				COPY_PHASE_STRIP = NO;
				DEBUG_INFORMATION_FORMAT = "dwarf-with-dsym";
				ENABLE_NS_ASSERTIONS = NO;
				ENABLE_STRICT_OBJC_MSGSEND = YES;
				GCC_C_LANGUAGE_STANDARD = gnu11;
				GCC_NO_COMMON_BLOCKS = YES;
				GCC_WARN_64_TO_32_BIT_CONVERSION = YES;
				GCC_WARN_ABOUT_RETURN_TYPE = YES_ERROR;
				GCC_WARN_UNDECLARED_SELECTOR = YES;
				GCC_WARN_UNINITIALIZED_AUTOS = YES_AGGRESSIVE;
				GCC_WARN_UNUSED_FUNCTION = YES;
				GCC_WARN_UNUSED_VARIABLE = YES;
				IPHONEOS_DEPLOYMENT_TARGET = 13.0;
				MTL_ENABLE_DEBUG_INFO = NO;
				MTL_FAST_MATH = YES;
				SDKROOT = iphoneos;
				SWIFT_COMPILATION_MODE = wholemodule;
				SWIFT_OPTIMIZATION_LEVEL = "-O";
				VALIDATE_PRODUCT = YES;
			};
			name = Release;
		};
		3120861229558D7C000377D7 /* Debug */ = {
			isa = XCBuildConfiguration;
			baseConfigurationReference = 72FB3CC99785E8CC9927E4AB /* Pods-article-news.debug.xcconfig */;
			buildSettings = {
				ASSETCATALOG_COMPILER_APPICON_NAME = AppIcon;
				ASSETCATALOG_COMPILER_GLOBAL_ACCENT_COLOR_NAME = AccentColor;
				CLANG_ENABLE_MODULES = YES;
				CODE_SIGN_STYLE = Automatic;
				CURRENT_PROJECT_VERSION = 1;
				DEVELOPMENT_TEAM = KK9YF8G35D;
				GENERATE_INFOPLIST_FILE = YES;
				INFOPLIST_FILE = "article-news/Info.plist";
				INFOPLIST_KEY_UIApplicationSupportsIndirectInputEvents = YES;
				INFOPLIST_KEY_UILaunchStoryboardName = LaunchScreen.storyboard;
				INFOPLIST_KEY_UIMainStoryboardFile = Main;
				INFOPLIST_KEY_UISupportedInterfaceOrientations = UIInterfaceOrientationPortrait;
				INFOPLIST_KEY_UISupportedInterfaceOrientations_iPad = "UIInterfaceOrientationLandscapeLeft UIInterfaceOrientationLandscapeRight UIInterfaceOrientationPortrait UIInterfaceOrientationPortraitUpsideDown";
				IPHONEOS_DEPLOYMENT_TARGET = 13.0;
				LD_RUNPATH_SEARCH_PATHS = (
					"$(inherited)",
					"@executable_path/Frameworks",
				);
				MARKETING_VERSION = 1.0;
				PRODUCT_BUNDLE_IDENTIFIER = "com.robysetiawan.article-news";
				PRODUCT_NAME = "$(TARGET_NAME)";
				SUPPORTED_PLATFORMS = "iphoneos iphonesimulator";
				SUPPORTS_MACCATALYST = NO;
				SUPPORTS_MAC_DESIGNED_FOR_IPHONE_IPAD = YES;
				SWIFT_EMIT_LOC_STRINGS = YES;
				SWIFT_OBJC_BRIDGING_HEADER = "article-news/article-news-Bridging-Header.h";
				SWIFT_OPTIMIZATION_LEVEL = "-Onone";
				SWIFT_VERSION = 5.0;
				TARGETED_DEVICE_FAMILY = 1;
			};
			name = Debug;
		};
		3120861329558D7C000377D7 /* Release */ = {
			isa = XCBuildConfiguration;
			baseConfigurationReference = 754451E05C4822E6FD51A958 /* Pods-article-news.release.xcconfig */;
			buildSettings = {
				ASSETCATALOG_COMPILER_APPICON_NAME = AppIcon;
				ASSETCATALOG_COMPILER_GLOBAL_ACCENT_COLOR_NAME = AccentColor;
				CLANG_ENABLE_MODULES = YES;
				CODE_SIGN_STYLE = Automatic;
				CURRENT_PROJECT_VERSION = 1;
				DEVELOPMENT_TEAM = KK9YF8G35D;
				GENERATE_INFOPLIST_FILE = YES;
				INFOPLIST_FILE = "article-news/Info.plist";
				INFOPLIST_KEY_UIApplicationSupportsIndirectInputEvents = YES;
				INFOPLIST_KEY_UILaunchStoryboardName = LaunchScreen.storyboard;
				INFOPLIST_KEY_UIMainStoryboardFile = Main;
				INFOPLIST_KEY_UISupportedInterfaceOrientations = UIInterfaceOrientationPortrait;
				INFOPLIST_KEY_UISupportedInterfaceOrientations_iPad = "UIInterfaceOrientationLandscapeLeft UIInterfaceOrientationLandscapeRight UIInterfaceOrientationPortrait UIInterfaceOrientationPortraitUpsideDown";
				IPHONEOS_DEPLOYMENT_TARGET = 13.0;
				LD_RUNPATH_SEARCH_PATHS = (
					"$(inherited)",
					"@executable_path/Frameworks",
				);
				MARKETING_VERSION = 1.0;
				PRODUCT_BUNDLE_IDENTIFIER = "com.robysetiawan.article-news";
				PRODUCT_NAME = "$(TARGET_NAME)";
				SUPPORTED_PLATFORMS = "iphoneos iphonesimulator";
				SUPPORTS_MACCATALYST = NO;
				SUPPORTS_MAC_DESIGNED_FOR_IPHONE_IPAD = YES;
				SWIFT_EMIT_LOC_STRINGS = YES;
				SWIFT_OBJC_BRIDGING_HEADER = "article-news/article-news-Bridging-Header.h";
				SWIFT_VERSION = 5.0;
				TARGETED_DEVICE_FAMILY = 1;
			};
			name = Release;
		};
/* End XCBuildConfiguration section */

/* Begin XCConfigurationList section */
		312085F829558D7B000377D7 /* Build configuration list for PBXProject "article-news" */ = {
			isa = XCConfigurationList;
			buildConfigurations = (
				3120860F29558D7C000377D7 /* Debug */,
				3120861029558D7C000377D7 /* Release */,
			);
			defaultConfigurationIsVisible = 0;
			defaultConfigurationName = Release;
		};
		3120861129558D7C000377D7 /* Build configuration list for PBXNativeTarget "article-news" */ = {
			isa = XCConfigurationList;
			buildConfigurations = (
				3120861229558D7C000377D7 /* Debug */,
				3120861329558D7C000377D7 /* Release */,
			);
			defaultConfigurationIsVisible = 0;
			defaultConfigurationName = Release;
		};
/* End XCConfigurationList section */

/* Begin XCRemoteSwiftPackageReference section */
		31EA276F29596329000E1397 /* XCRemoteSwiftPackageReference "Kingfisher" */ = {
			isa = XCRemoteSwiftPackageReference;
			repositoryURL = "https://github.com/onevcat/Kingfisher.git";
			requirement = {
				kind = upToNextMajorVersion;
				minimumVersion = 7.0.0;
			};
		};
/* End XCRemoteSwiftPackageReference section */

/* Begin XCSwiftPackageProductDependency section */
		31EA277029596329000E1397 /* Kingfisher */ = {
			isa = XCSwiftPackageProductDependency;
			package = 31EA276F29596329000E1397 /* XCRemoteSwiftPackageReference "Kingfisher" */;
			productName = Kingfisher;
		};
/* End XCSwiftPackageProductDependency section */
	};
	rootObject = 312085F529558D7B000377D7 /* Project object */;
}
